
Microsoft Visual Studio Solution File, Format Version 12.00
# Visual Studio Version 16
VisualStudioVersion = 16.0.32126.315
MinimumVisualStudioVersion = 10.0.40219.1
Project("{FAE04EC0-301F-11D3-BF4B-00C04F79EFBC}") = "z1MVP", "z1MVP.csproj", "{BA8C1BD0-182F-4ED0-9042-57BCFD2FE930}"
EndProject
Global
	GlobalSection(SolutionConfigurationPlatforms) = preSolution
		Debug|Any CPU = Debug|Any CPU
		Release|Any CPU = Release|Any CPU
	EndGlobalSection
	GlobalSection(ProjectConfigurationPlatforms) = postSolution
		{BA8C1BD0-182F-4ED0-9042-57BCFD2FE930}.Debug|Any CPU.ActiveCfg = Debug|Any CPU
		{BA8C1BD0-182F-4ED0-9042-57BCFD2FE930}.Debug|Any CPU.Build.0 = Debug|Any CPU
		{BA8C1BD0-182F-4ED0-9042-57BCFD2FE930}.Release|Any CPU.ActiveCfg = Release|Any CPU
		{BA8C1BD0-182F-4ED0-9042-57BCFD2FE930}.Release|Any CPU.Build.0 = Release|Any CPU
	EndGlobalSection
	GlobalSection(SolutionProperties) = preSolution
		HideSolutionNode = FALSE
	EndGlobalSection
	GlobalSection(ExtensibilityGlobals) = postSolution
		SolutionGuid = {46F11390-A0C2-4B5C-AC04-E6F5A84290FF}
	EndGlobalSection
EndGlobal
