
Microsoft Visual Studio Solution File, Format Version 12.00
# Visual Studio Version 16
VisualStudioVersion = 16.0.32106.194
MinimumVisualStudioVersion = 10.0.40219.1
Project("{FAE04EC0-301F-11D3-BF4B-00C04F79EFBC}") = "z3", "z3.csproj", "{0F1192CD-D91B-4E26-BA04-3A874EC436FF}"
EndProject
Global
	GlobalSection(SolutionConfigurationPlatforms) = preSolution
		Debug|Any CPU = Debug|Any CPU
		Release|Any CPU = Release|Any CPU
	EndGlobalSection
	GlobalSection(ProjectConfigurationPlatforms) = postSolution
		{0F1192CD-D91B-4E26-BA04-3A874EC436FF}.Debug|Any CPU.ActiveCfg = Debug|Any CPU
		{0F1192CD-D91B-4E26-BA04-3A874EC436FF}.Debug|Any CPU.Build.0 = Debug|Any CPU
		{0F1192CD-D91B-4E26-BA04-3A874EC436FF}.Release|Any CPU.ActiveCfg = Release|Any CPU
		{0F1192CD-D91B-4E26-BA04-3A874EC436FF}.Release|Any CPU.Build.0 = Release|Any CPU
	EndGlobalSection
	GlobalSection(SolutionProperties) = preSolution
		HideSolutionNode = FALSE
	EndGlobalSection
	GlobalSection(ExtensibilityGlobals) = postSolution
		SolutionGuid = {ADAEC3EA-81FF-4693-A091-83499CD084FD}
	EndGlobalSection
EndGlobal
