
Microsoft Visual Studio Solution File, Format Version 12.00
# Visual Studio Version 16
VisualStudioVersion = 16.0.32126.315
MinimumVisualStudioVersion = 10.0.40219.1
Project("{FAE04EC0-301F-11D3-BF4B-00C04F79EFBC}") = "z1", "z1.csproj", "{999A2E6B-030C-4B40-9A0B-07308E3A5683}"
EndProject
Global
	GlobalSection(SolutionConfigurationPlatforms) = preSolution
		Debug|Any CPU = Debug|Any CPU
		Release|Any CPU = Release|Any CPU
	EndGlobalSection
	GlobalSection(ProjectConfigurationPlatforms) = postSolution
		{999A2E6B-030C-4B40-9A0B-07308E3A5683}.Debug|Any CPU.ActiveCfg = Debug|Any CPU
		{999A2E6B-030C-4B40-9A0B-07308E3A5683}.Debug|Any CPU.Build.0 = Debug|Any CPU
		{999A2E6B-030C-4B40-9A0B-07308E3A5683}.Release|Any CPU.ActiveCfg = Release|Any CPU
		{999A2E6B-030C-4B40-9A0B-07308E3A5683}.Release|Any CPU.Build.0 = Release|Any CPU
	EndGlobalSection
	GlobalSection(SolutionProperties) = preSolution
		HideSolutionNode = FALSE
	EndGlobalSection
	GlobalSection(ExtensibilityGlobals) = postSolution
		SolutionGuid = {588745F0-00AD-4356-B49D-8853E21D43D1}
	EndGlobalSection
EndGlobal
