
Microsoft Visual Studio Solution File, Format Version 12.00
# Visual Studio Version 16
VisualStudioVersion = 16.0.32106.194
MinimumVisualStudioVersion = 10.0.40219.1
Project("{FAE04EC0-301F-11D3-BF4B-00C04F79EFBC}") = "z3", "z3.csproj", "{E6E11EA0-8461-4BD2-A984-92B59D95A290}"
EndProject
Global
	GlobalSection(SolutionConfigurationPlatforms) = preSolution
		Debug|Any CPU = Debug|Any CPU
		Release|Any CPU = Release|Any CPU
	EndGlobalSection
	GlobalSection(ProjectConfigurationPlatforms) = postSolution
		{E6E11EA0-8461-4BD2-A984-92B59D95A290}.Debug|Any CPU.ActiveCfg = Debug|Any CPU
		{E6E11EA0-8461-4BD2-A984-92B59D95A290}.Debug|Any CPU.Build.0 = Debug|Any CPU
		{E6E11EA0-8461-4BD2-A984-92B59D95A290}.Release|Any CPU.ActiveCfg = Release|Any CPU
		{E6E11EA0-8461-4BD2-A984-92B59D95A290}.Release|Any CPU.Build.0 = Release|Any CPU
	EndGlobalSection
	GlobalSection(SolutionProperties) = preSolution
		HideSolutionNode = FALSE
	EndGlobalSection
	GlobalSection(ExtensibilityGlobals) = postSolution
		SolutionGuid = {0AE9D1E9-C890-4476-BEDA-34D3E2CA35D7}
	EndGlobalSection
EndGlobal
