
Microsoft Visual Studio Solution File, Format Version 12.00
# Visual Studio Version 16
VisualStudioVersion = 16.0.29926.136
MinimumVisualStudioVersion = 10.0.40219.1
Project("{FAE04EC0-301F-11D3-BF4B-00C04F79EFBC}") = "z5", "z5\z5.csproj", "{AD127544-5D56-49EC-961B-F00CB7012F9C}"
EndProject
Global
	GlobalSection(SolutionConfigurationPlatforms) = preSolution
		Debug|Any CPU = Debug|Any CPU
		Release|Any CPU = Release|Any CPU
	EndGlobalSection
	GlobalSection(ProjectConfigurationPlatforms) = postSolution
		{AD127544-5D56-49EC-961B-F00CB7012F9C}.Debug|Any CPU.ActiveCfg = Debug|Any CPU
		{AD127544-5D56-49EC-961B-F00CB7012F9C}.Debug|Any CPU.Build.0 = Debug|Any CPU
		{AD127544-5D56-49EC-961B-F00CB7012F9C}.Release|Any CPU.ActiveCfg = Release|Any CPU
		{AD127544-5D56-49EC-961B-F00CB7012F9C}.Release|Any CPU.Build.0 = Release|Any CPU
	EndGlobalSection
	GlobalSection(SolutionProperties) = preSolution
		HideSolutionNode = FALSE
	EndGlobalSection
	GlobalSection(ExtensibilityGlobals) = postSolution
		SolutionGuid = {C602B4D9-B87B-4A90-8C21-633FCBCE5E01}
	EndGlobalSection
EndGlobal
