
Microsoft Visual Studio Solution File, Format Version 12.00
# Visual Studio Version 16
VisualStudioVersion = 16.0.32106.194
MinimumVisualStudioVersion = 10.0.40219.1
Project("{FAE04EC0-301F-11D3-BF4B-00C04F79EFBC}") = "z1", "z1.csproj", "{1F3FAF1E-605B-4DA5-95A9-F975A6BD64A8}"
EndProject
Global
	GlobalSection(SolutionConfigurationPlatforms) = preSolution
		Debug|Any CPU = Debug|Any CPU
		Release|Any CPU = Release|Any CPU
	EndGlobalSection
	GlobalSection(ProjectConfigurationPlatforms) = postSolution
		{1F3FAF1E-605B-4DA5-95A9-F975A6BD64A8}.Debug|Any CPU.ActiveCfg = Debug|Any CPU
		{1F3FAF1E-605B-4DA5-95A9-F975A6BD64A8}.Debug|Any CPU.Build.0 = Debug|Any CPU
		{1F3FAF1E-605B-4DA5-95A9-F975A6BD64A8}.Release|Any CPU.ActiveCfg = Release|Any CPU
		{1F3FAF1E-605B-4DA5-95A9-F975A6BD64A8}.Release|Any CPU.Build.0 = Release|Any CPU
	EndGlobalSection
	GlobalSection(SolutionProperties) = preSolution
		HideSolutionNode = FALSE
	EndGlobalSection
	GlobalSection(ExtensibilityGlobals) = postSolution
		SolutionGuid = {28DBADB6-57D3-474F-85F9-10367F7266EA}
	EndGlobalSection
EndGlobal
